
Microsoft Visual Studio Solution File, Format Version 12.00
# Visual Studio 2012
Project("{FAE04EC0-301F-11D3-BF4B-00C04F79EFBC}") = "Core.NativeVyatka", "Core.NativeVyatka\Core.NativeVyatka.csproj", "{BA664D97-02FF-438C-A0E4-E6DA2BEAD050}"
EndProject
Project("{FAE04EC0-301F-11D3-BF4B-00C04F79EFBC}") = "Android.NativeVyatka", "Android.NativeVyatka\Android.NativeVyatka.csproj", "{B4FE2CCC-87F2-4046-9022-26CFC4FB9F10}"
EndProject
Project("{2150E333-8FDC-42A3-9474-1A3956D46DE8}") = "Android.Libraries", "Android.Libraries", "{52802D1A-1FCA-44C3-B547-42F481943AB2}"
EndProject
Project("{FAE04EC0-301F-11D3-BF4B-00C04F79EFBC}") = "MaterialProgressBar", "Android.Libraries\MaterialProgressBar\MaterialProgressBar.csproj", "{9D7C697C-F432-467E-8DCF-2A214AFE99DC}"
EndProject
Project("{FAE04EC0-301F-11D3-BF4B-00C04F79EFBC}") = "CircularImageView", "Android.Libraries\CircularImageView\CircularImageView.csproj", "{94251AC3-7C95-41F4-8672-537E8F383AFD}"
EndProject
Project("{FAE04EC0-301F-11D3-BF4B-00C04F79EFBC}") = "Picasso", "Android.Libraries\Picasso\Picasso.csproj", "{4630EC95-BA2F-4B3B-8CDE-CCC2D5B9B002}"
EndProject
Global
	GlobalSection(SolutionConfigurationPlatforms) = preSolution
		Debug|Any CPU = Debug|Any CPU
		Release|Any CPU = Release|Any CPU
	EndGlobalSection
	GlobalSection(ProjectConfigurationPlatforms) = postSolution
		{4630EC95-BA2F-4B3B-8CDE-CCC2D5B9B002}.Debug|Any CPU.ActiveCfg = Debug|Any CPU
		{4630EC95-BA2F-4B3B-8CDE-CCC2D5B9B002}.Debug|Any CPU.Build.0 = Debug|Any CPU
		{4630EC95-BA2F-4B3B-8CDE-CCC2D5B9B002}.Release|Any CPU.ActiveCfg = Release|Any CPU
		{4630EC95-BA2F-4B3B-8CDE-CCC2D5B9B002}.Release|Any CPU.Build.0 = Release|Any CPU
		{94251AC3-7C95-41F4-8672-537E8F383AFD}.Debug|Any CPU.ActiveCfg = Debug|Any CPU
		{94251AC3-7C95-41F4-8672-537E8F383AFD}.Debug|Any CPU.Build.0 = Debug|Any CPU
		{94251AC3-7C95-41F4-8672-537E8F383AFD}.Release|Any CPU.ActiveCfg = Release|Any CPU
		{94251AC3-7C95-41F4-8672-537E8F383AFD}.Release|Any CPU.Build.0 = Release|Any CPU
		{9D7C697C-F432-467E-8DCF-2A214AFE99DC}.Debug|Any CPU.ActiveCfg = Debug|Any CPU
		{9D7C697C-F432-467E-8DCF-2A214AFE99DC}.Debug|Any CPU.Build.0 = Debug|Any CPU
		{9D7C697C-F432-467E-8DCF-2A214AFE99DC}.Release|Any CPU.ActiveCfg = Release|Any CPU
		{9D7C697C-F432-467E-8DCF-2A214AFE99DC}.Release|Any CPU.Build.0 = Release|Any CPU
		{B4FE2CCC-87F2-4046-9022-26CFC4FB9F10}.Debug|Any CPU.ActiveCfg = Debug|Any CPU
		{B4FE2CCC-87F2-4046-9022-26CFC4FB9F10}.Debug|Any CPU.Build.0 = Debug|Any CPU
		{B4FE2CCC-87F2-4046-9022-26CFC4FB9F10}.Release|Any CPU.ActiveCfg = Release|Any CPU
		{B4FE2CCC-87F2-4046-9022-26CFC4FB9F10}.Release|Any CPU.Build.0 = Release|Any CPU
		{BA664D97-02FF-438C-A0E4-E6DA2BEAD050}.Debug|Any CPU.ActiveCfg = Debug|Any CPU
		{BA664D97-02FF-438C-A0E4-E6DA2BEAD050}.Debug|Any CPU.Build.0 = Debug|Any CPU
		{BA664D97-02FF-438C-A0E4-E6DA2BEAD050}.Release|Any CPU.ActiveCfg = Release|Any CPU
		{BA664D97-02FF-438C-A0E4-E6DA2BEAD050}.Release|Any CPU.Build.0 = Release|Any CPU
	EndGlobalSection
	GlobalSection(NestedProjects) = preSolution
		{9D7C697C-F432-467E-8DCF-2A214AFE99DC} = {52802D1A-1FCA-44C3-B547-42F481943AB2}
		{94251AC3-7C95-41F4-8672-537E8F383AFD} = {52802D1A-1FCA-44C3-B547-42F481943AB2}
		{4630EC95-BA2F-4B3B-8CDE-CCC2D5B9B002} = {52802D1A-1FCA-44C3-B547-42F481943AB2}
	EndGlobalSection
EndGlobal
